
Microsoft Visual Studio Solution File, Format Version 12.00
# Visual Studio Version 17
VisualStudioVersion = 17.5.002.0
MinimumVisualStudioVersion = 10.0.40219.1
Project("{9A19103F-16F7-4668-BE54-9A1E7A4F7556}") = "Test CS", "Test CS.csproj", "{DA925FC8-9D4D-443E-9B8B-E846E99A7392}"
EndProject
Global
	GlobalSection(SolutionConfigurationPlatforms) = preSolution
		Debug|Any CPU = Debug|Any CPU
		Release|Any CPU = Release|Any CPU
	EndGlobalSection
	GlobalSection(ProjectConfigurationPlatforms) = postSolution
		{DA925FC8-9D4D-443E-9B8B-E846E99A7392}.Debug|Any CPU.ActiveCfg = Debug|Any CPU
		{DA925FC8-9D4D-443E-9B8B-E846E99A7392}.Debug|Any CPU.Build.0 = Debug|Any CPU
		{DA925FC8-9D4D-443E-9B8B-E846E99A7392}.Release|Any CPU.ActiveCfg = Release|Any CPU
		{DA925FC8-9D4D-443E-9B8B-E846E99A7392}.Release|Any CPU.Build.0 = Release|Any CPU
	EndGlobalSection
	GlobalSection(SolutionProperties) = preSolution
		HideSolutionNode = FALSE
	EndGlobalSection
	GlobalSection(ExtensibilityGlobals) = postSolution
		SolutionGuid = {0C310076-AFF6-4ED2-8E92-81915C6BCBB4}
	EndGlobalSection
EndGlobal
